
Microsoft Visual Studio Solution File, Format Version 12.00
# Visual Studio Version 16
VisualStudioVersion = 16.0.31019.35
MinimumVisualStudioVersion = 10.0.40219.1
Project("{FAE04EC0-301F-11D3-BF4B-00C04F79EFBC}") = "MathLib", "MathLib\MathLib.csproj", "{15B80C1D-9FED-4535-B2FA-C0097381A566}"
EndProject
Project("{FAE04EC0-301F-11D3-BF4B-00C04F79EFBC}") = "MathLibTests", "MathLibTests\MathLibTests.csproj", "{C0EC4D78-C8BA-4433-B490-B954CFA7D7C2}"
EndProject
Global
	GlobalSection(SolutionConfigurationPlatforms) = preSolution
		Debug|Any CPU = Debug|Any CPU
		Release|Any CPU = Release|Any CPU
	EndGlobalSection
	GlobalSection(ProjectConfigurationPlatforms) = postSolution
		{15B80C1D-9FED-4535-B2FA-C0097381A566}.Debug|Any CPU.ActiveCfg = Debug|Any CPU
		{15B80C1D-9FED-4535-B2FA-C0097381A566}.Debug|Any CPU.Build.0 = Debug|Any CPU
		{15B80C1D-9FED-4535-B2FA-C0097381A566}.Release|Any CPU.ActiveCfg = Release|Any CPU
		{15B80C1D-9FED-4535-B2FA-C0097381A566}.Release|Any CPU.Build.0 = Release|Any CPU
		{C0EC4D78-C8BA-4433-B490-B954CFA7D7C2}.Debug|Any CPU.ActiveCfg = Debug|Any CPU
		{C0EC4D78-C8BA-4433-B490-B954CFA7D7C2}.Debug|Any CPU.Build.0 = Debug|Any CPU
		{C0EC4D78-C8BA-4433-B490-B954CFA7D7C2}.Release|Any CPU.ActiveCfg = Release|Any CPU
		{C0EC4D78-C8BA-4433-B490-B954CFA7D7C2}.Release|Any CPU.Build.0 = Release|Any CPU
	EndGlobalSection
	GlobalSection(SolutionProperties) = preSolution
		HideSolutionNode = FALSE
	EndGlobalSection
	GlobalSection(ExtensibilityGlobals) = postSolution
		SolutionGuid = {CF61BEC0-8F3D-4A00-8E5B-31F12FA704FF}
	EndGlobalSection
EndGlobal
